# This file is automatically @generated by Poetry 1.8.3 and should not be changed by hand.

[[package]]
name = "args"
version = "0.1.0"
description = "Command Arguments for Humans."
optional = false
python-versions = "*"
files = [
    {file = "args-0.1.0.tar.gz", hash = "sha256:a785b8d837625e9b61c39108532d95b85274acd679693b71ebb5156848fcf814"},
]

[metadata]
lock-version = "2.0"
python-versions = ">=3.12"
content-hash = "aa844defe01ea1bb633f07ad48a270476ab2bd7e2a983fcf25366a5cbc6b2d35"
